
Microsoft Visual Studio Solution File, Format Version 12.00
# Visual Studio Version 16
VisualStudioVersion = 16.0.30114.105
MinimumVisualStudioVersion = 10.0.40219.1
Project("{9A19103F-16F7-4668-BE54-9A1E7A4F7556}") = "CsvHelper.Excel", "CsvHelper.Excel\CsvHelper.Excel.csproj", "{72E37422-03CE-4071-ACEA-5DFEF1DB86D8}"
EndProject
Project("{9A19103F-16F7-4668-BE54-9A1E7A4F7556}") = "CsvHelper.Excel.Test", "CsvHelper.Excel.Tests\CsvHelper.Excel.Tests.csproj", "{DA9BBF1B-55BE-412C-8AC1-0A70300B8A90}"
EndProject
Global
	GlobalSection(SolutionConfigurationPlatforms) = preSolution
		Debug|Any CPU = Debug|Any CPU
		Release|Any CPU = Release|Any CPU
	EndGlobalSection
	GlobalSection(ProjectConfigurationPlatforms) = postSolution
		{72E37422-03CE-4071-ACEA-5DFEF1DB86D8}.Debug|Any CPU.ActiveCfg = Debug|Any CPU
		{72E37422-03CE-4071-ACEA-5DFEF1DB86D8}.Debug|Any CPU.Build.0 = Debug|Any CPU
		{72E37422-03CE-4071-ACEA-5DFEF1DB86D8}.Release|Any CPU.ActiveCfg = Release|Any CPU
		{72E37422-03CE-4071-ACEA-5DFEF1DB86D8}.Release|Any CPU.Build.0 = Release|Any CPU
		{DA9BBF1B-55BE-412C-8AC1-0A70300B8A90}.Debug|Any CPU.ActiveCfg = Debug|Any CPU
		{DA9BBF1B-55BE-412C-8AC1-0A70300B8A90}.Debug|Any CPU.Build.0 = Debug|Any CPU
		{DA9BBF1B-55BE-412C-8AC1-0A70300B8A90}.Release|Any CPU.ActiveCfg = Release|Any CPU
		{DA9BBF1B-55BE-412C-8AC1-0A70300B8A90}.Release|Any CPU.Build.0 = Release|Any CPU
	EndGlobalSection
	GlobalSection(SolutionProperties) = preSolution
		HideSolutionNode = FALSE
	EndGlobalSection
	GlobalSection(ExtensibilityGlobals) = postSolution
		SolutionGuid = {1910AC2B-C3B6-4D8F-811B-D9BB85E9C8B1}
	EndGlobalSection
EndGlobal
